// !$*UTF8*$!
{
	archiveVersion = 1;
	classes = {
	};
	objectVersion = 56;
	objects = {

/* Begin PBXBuildFile section */
		080535832C902C5D00D18C0B /* FurnitureCoApp.swift in Sources */ = {isa = PBXBuildFile; fileRef = 080535822C902C5D00D18C0B /* FurnitureCoApp.swift */; };
		080535872C902C5F00D18C0B /* Assets.xcassets in Resources */ = {isa = PBXBuildFile; fileRef = 080535862C902C5F00D18C0B /* Assets.xcassets */; };
		0805358A2C902C5F00D18C0B /* Preview Assets.xcassets in Resources */ = {isa = PBXBuildFile; fileRef = 080535892C902C5F00D18C0B /* Preview Assets.xcassets */; };
		080535922C902CDC00D18C0B /* ClashDisplay-Semibold.otf in Resources */ = {isa = PBXBuildFile; fileRef = 080535912C902CDC00D18C0B /* ClashDisplay-Semibold.otf */; };
		080535952C902E1C00D18C0B /* Fonts.swift in Sources */ = {isa = PBXBuildFile; fileRef = 080535942C902E1C00D18C0B /* Fonts.swift */; };
		080535992C902E8400D18C0B /* HomeView.swift in Sources */ = {isa = PBXBuildFile; fileRef = 080535982C902E8400D18C0B /* HomeView.swift */; };
		0805359F2C902EDD00D18C0B /* ClashDisplay-Bold.otf in Resources */ = {isa = PBXBuildFile; fileRef = 0805359A2C902EDD00D18C0B /* ClashDisplay-Bold.otf */; };
		080535A02C902EDD00D18C0B /* ClashDisplay-Medium.otf in Resources */ = {isa = PBXBuildFile; fileRef = 0805359B2C902EDD00D18C0B /* ClashDisplay-Medium.otf */; };
		080535A12C902EDD00D18C0B /* ClashDisplay-Light.otf in Resources */ = {isa = PBXBuildFile; fileRef = 0805359C2C902EDD00D18C0B /* ClashDisplay-Light.otf */; };
		080535A22C902EDD00D18C0B /* ClashDisplay-Regular.otf in Resources */ = {isa = PBXBuildFile; fileRef = 0805359D2C902EDD00D18C0B /* ClashDisplay-Regular.otf */; };
		080535A32C902EDD00D18C0B /* ClashDisplay-Extralight.otf in Resources */ = {isa = PBXBuildFile; fileRef = 0805359E2C902EDD00D18C0B /* ClashDisplay-Extralight.otf */; };
		080535A62C903A2900D18C0B /* SearchBarView.swift in Sources */ = {isa = PBXBuildFile; fileRef = 080535A52C903A2900D18C0B /* SearchBarView.swift */; };
		080535A92C903E7500D18C0B /* Furniture.swift in Sources */ = {isa = PBXBuildFile; fileRef = 080535A82C903E7500D18C0B /* Furniture.swift */; };
		080535AB2C903F8F00D18C0B /* CategoryItemView.swift in Sources */ = {isa = PBXBuildFile; fileRef = 080535AA2C903F8F00D18C0B /* CategoryItemView.swift */; };
		080535AD2C90469100D18C0B /* TabbarView.swift in Sources */ = {isa = PBXBuildFile; fileRef = 080535AC2C90469100D18C0B /* TabbarView.swift */; };
		080535AF2C90487B00D18C0B /* ProductView.swift in Sources */ = {isa = PBXBuildFile; fileRef = 080535AE2C90487B00D18C0B /* ProductView.swift */; };
		080535B12C90754800D18C0B /* Product.swift in Sources */ = {isa = PBXBuildFile; fileRef = 080535B02C90754800D18C0B /* Product.swift */; };
		080535B32C908F5000D18C0B /* DetailsView.swift in Sources */ = {isa = PBXBuildFile; fileRef = 080535B22C908F5000D18C0B /* DetailsView.swift */; };
/* End PBXBuildFile section */

/* Begin PBXFileReference section */
		0805357F2C902C5D00D18C0B /* FurnitureCo.app */ = {isa = PBXFileReference; explicitFileType = wrapper.application; includeInIndex = 0; path = FurnitureCo.app; sourceTree = BUILT_PRODUCTS_DIR; };
		080535822C902C5D00D18C0B /* FurnitureCoApp.swift */ = {isa = PBXFileReference; lastKnownFileType = sourcecode.swift; path = FurnitureCoApp.swift; sourceTree = "<group>"; };
		080535862C902C5F00D18C0B /* Assets.xcassets */ = {isa = PBXFileReference; lastKnownFileType = folder.assetcatalog; path = Assets.xcassets; sourceTree = "<group>"; };
		080535892C902C5F00D18C0B /* Preview Assets.xcassets */ = {isa = PBXFileReference; lastKnownFileType = folder.assetcatalog; path = "Preview Assets.xcassets"; sourceTree = "<group>"; };
		080535912C902CDC00D18C0B /* ClashDisplay-Semibold.otf */ = {isa = PBXFileReference; lastKnownFileType = file; path = "ClashDisplay-Semibold.otf"; sourceTree = "<group>"; };
		080535932C902DA400D18C0B /* Info.plist */ = {isa = PBXFileReference; lastKnownFileType = text.plist; path = Info.plist; sourceTree = "<group>"; };
		080535942C902E1C00D18C0B /* Fonts.swift */ = {isa = PBXFileReference; lastKnownFileType = sourcecode.swift; path = Fonts.swift; sourceTree = "<group>"; };
		080535982C902E8400D18C0B /* HomeView.swift */ = {isa = PBXFileReference; lastKnownFileType = sourcecode.swift; path = HomeView.swift; sourceTree = "<group>"; };
		0805359A2C902EDD00D18C0B /* ClashDisplay-Bold.otf */ = {isa = PBXFileReference; lastKnownFileType = file; path = "ClashDisplay-Bold.otf"; sourceTree = "<group>"; };
		0805359B2C902EDD00D18C0B /* ClashDisplay-Medium.otf */ = {isa = PBXFileReference; lastKnownFileType = file; path = "ClashDisplay-Medium.otf"; sourceTree = "<group>"; };
		0805359C2C902EDD00D18C0B /* ClashDisplay-Light.otf */ = {isa = PBXFileReference; lastKnownFileType = file; path = "ClashDisplay-Light.otf"; sourceTree = "<group>"; };
		0805359D2C902EDD00D18C0B /* ClashDisplay-Regular.otf */ = {isa = PBXFileReference; lastKnownFileType = file; path = "ClashDisplay-Regular.otf"; sourceTree = "<group>"; };
		0805359E2C902EDD00D18C0B /* ClashDisplay-Extralight.otf */ = {isa = PBXFileReference; lastKnownFileType = file; path = "ClashDisplay-Extralight.otf"; sourceTree = "<group>"; };
		080535A52C903A2900D18C0B /* SearchBarView.swift */ = {isa = PBXFileReference; lastKnownFileType = sourcecode.swift; path = SearchBarView.swift; sourceTree = "<group>"; };
		080535A82C903E7500D18C0B /* Furniture.swift */ = {isa = PBXFileReference; lastKnownFileType = sourcecode.swift; path = Furniture.swift; sourceTree = "<group>"; };
		080535AA2C903F8F00D18C0B /* CategoryItemView.swift */ = {isa = PBXFileReference; lastKnownFileType = sourcecode.swift; path = CategoryItemView.swift; sourceTree = "<group>"; };
		080535AC2C90469100D18C0B /* TabbarView.swift */ = {isa = PBXFileReference; lastKnownFileType = sourcecode.swift; path = TabbarView.swift; sourceTree = "<group>"; };
		080535AE2C90487B00D18C0B /* ProductView.swift */ = {isa = PBXFileReference; lastKnownFileType = sourcecode.swift; path = ProductView.swift; sourceTree = "<group>"; };
		080535B02C90754800D18C0B /* Product.swift */ = {isa = PBXFileReference; lastKnownFileType = sourcecode.swift; path = Product.swift; sourceTree = "<group>"; };
		080535B22C908F5000D18C0B /* DetailsView.swift */ = {isa = PBXFileReference; lastKnownFileType = sourcecode.swift; path = DetailsView.swift; sourceTree = "<group>"; };
/* End PBXFileReference section */

/* Begin PBXFrameworksBuildPhase section */
		0805357C2C902C5D00D18C0B /* Frameworks */ = {
			isa = PBXFrameworksBuildPhase;
			buildActionMask = 2147483647;
			files = (
			);
			runOnlyForDeploymentPostprocessing = 0;
		};
/* End PBXFrameworksBuildPhase section */

/* Begin PBXGroup section */
		080535762C902C5D00D18C0B = {
			isa = PBXGroup;
			children = (
				080535812C902C5D00D18C0B /* FurnitureCo */,
				080535802C902C5D00D18C0B /* Products */,
			);
			sourceTree = "<group>";
		};
		080535802C902C5D00D18C0B /* Products */ = {
			isa = PBXGroup;
			children = (
				0805357F2C902C5D00D18C0B /* FurnitureCo.app */,
			);
			name = Products;
			sourceTree = "<group>";
		};
		080535812C902C5D00D18C0B /* FurnitureCo */ = {
			isa = PBXGroup;
			children = (
				080535962C902E5E00D18C0B /* App */,
				080535A72C903E6100D18C0B /* Models */,
				080535972C902E6F00D18C0B /* View */,
				080535862C902C5F00D18C0B /* Assets.xcassets */,
				080535902C902CB700D18C0B /* Fonts */,
				080535932C902DA400D18C0B /* Info.plist */,
				080535882C902C5F00D18C0B /* Preview Content */,
			);
			path = FurnitureCo;
			sourceTree = "<group>";
		};
		080535882C902C5F00D18C0B /* Preview Content */ = {
			isa = PBXGroup;
			children = (
				080535892C902C5F00D18C0B /* Preview Assets.xcassets */,
			);
			path = "Preview Content";
			sourceTree = "<group>";
		};
		080535902C902CB700D18C0B /* Fonts */ = {
			isa = PBXGroup;
			children = (
				080535912C902CDC00D18C0B /* ClashDisplay-Semibold.otf */,
				0805359A2C902EDD00D18C0B /* ClashDisplay-Bold.otf */,
				0805359E2C902EDD00D18C0B /* ClashDisplay-Extralight.otf */,
				0805359C2C902EDD00D18C0B /* ClashDisplay-Light.otf */,
				0805359B2C902EDD00D18C0B /* ClashDisplay-Medium.otf */,
				0805359D2C902EDD00D18C0B /* ClashDisplay-Regular.otf */,
				080535942C902E1C00D18C0B /* Fonts.swift */,
			);
			path = Fonts;
			sourceTree = "<group>";
		};
		080535962C902E5E00D18C0B /* App */ = {
			isa = PBXGroup;
			children = (
				080535822C902C5D00D18C0B /* FurnitureCoApp.swift */,
			);
			path = App;
			sourceTree = "<group>";
		};
		080535972C902E6F00D18C0B /* View */ = {
			isa = PBXGroup;
			children = (
				080535AC2C90469100D18C0B /* TabbarView.swift */,
				080535982C902E8400D18C0B /* HomeView.swift */,
				080535A42C903A1100D18C0B /* Components */,
				080535B22C908F5000D18C0B /* DetailsView.swift */,
			);
			path = View;
			sourceTree = "<group>";
		};
		080535A42C903A1100D18C0B /* Components */ = {
			isa = PBXGroup;
			children = (
				080535A52C903A2900D18C0B /* SearchBarView.swift */,
				080535AA2C903F8F00D18C0B /* CategoryItemView.swift */,
				080535AE2C90487B00D18C0B /* ProductView.swift */,
			);
			path = Components;
			sourceTree = "<group>";
		};
		080535A72C903E6100D18C0B /* Models */ = {
			isa = PBXGroup;
			children = (
				080535A82C903E7500D18C0B /* Furniture.swift */,
				080535B02C90754800D18C0B /* Product.swift */,
			);
			name = Models;
			sourceTree = "<group>";
		};
/* End PBXGroup section */

/* Begin PBXNativeTarget section */
		0805357E2C902C5D00D18C0B /* FurnitureCo */ = {
			isa = PBXNativeTarget;
			buildConfigurationList = 0805358D2C902C5F00D18C0B /* Build configuration list for PBXNativeTarget "FurnitureCo" */;
			buildPhases = (
				0805357B2C902C5D00D18C0B /* Sources */,
				0805357C2C902C5D00D18C0B /* Frameworks */,
				0805357D2C902C5D00D18C0B /* Resources */,
			);
			buildRules = (
			);
			dependencies = (
			);
			name = FurnitureCo;
			productName = FurnitureCo;
			productReference = 0805357F2C902C5D00D18C0B /* FurnitureCo.app */;
			productType = "com.apple.product-type.application";
		};
/* End PBXNativeTarget section */

/* Begin PBXProject section */
		080535772C902C5D00D18C0B /* Project object */ = {
			isa = PBXProject;
			attributes = {
				BuildIndependentTargetsInParallel = 1;
				LastSwiftUpdateCheck = 1540;
				LastUpgradeCheck = 1540;
				TargetAttributes = {
					0805357E2C902C5D00D18C0B = {
						CreatedOnToolsVersion = 15.4;
					};
				};
			};
			buildConfigurationList = 0805357A2C902C5D00D18C0B /* Build configuration list for PBXProject "FurnitureCo" */;
			compatibilityVersion = "Xcode 14.0";
			developmentRegion = en;
			hasScannedForEncodings = 0;
			knownRegions = (
				en,
				Base,
			);
			mainGroup = 080535762C902C5D00D18C0B;
			productRefGroup = 080535802C902C5D00D18C0B /* Products */;
			projectDirPath = "";
			projectRoot = "";
			targets = (
				0805357E2C902C5D00D18C0B /* FurnitureCo */,
			);
		};
/* End PBXProject section */

/* Begin PBXResourcesBuildPhase section */
		0805357D2C902C5D00D18C0B /* Resources */ = {
			isa = PBXResourcesBuildPhase;
			buildActionMask = 2147483647;
			files = (
				080535A22C902EDD00D18C0B /* ClashDisplay-Regular.otf in Resources */,
				0805358A2C902C5F00D18C0B /* Preview Assets.xcassets in Resources */,
				080535A12C902EDD00D18C0B /* ClashDisplay-Light.otf in Resources */,
				080535A02C902EDD00D18C0B /* ClashDisplay-Medium.otf in Resources */,
				080535A32C902EDD00D18C0B /* ClashDisplay-Extralight.otf in Resources */,
				080535922C902CDC00D18C0B /* ClashDisplay-Semibold.otf in Resources */,
				080535872C902C5F00D18C0B /* Assets.xcassets in Resources */,
				0805359F2C902EDD00D18C0B /* ClashDisplay-Bold.otf in Resources */,
			);
			runOnlyForDeploymentPostprocessing = 0;
		};
/* End PBXResourcesBuildPhase section */

/* Begin PBXSourcesBuildPhase section */
		0805357B2C902C5D00D18C0B /* Sources */ = {
			isa = PBXSourcesBuildPhase;
			buildActionMask = 2147483647;
			files = (
				080535B12C90754800D18C0B /* Product.swift in Sources */,
				080535B32C908F5000D18C0B /* DetailsView.swift in Sources */,
				080535AF2C90487B00D18C0B /* ProductView.swift in Sources */,
				080535A62C903A2900D18C0B /* SearchBarView.swift in Sources */,
				080535AD2C90469100D18C0B /* TabbarView.swift in Sources */,
				080535992C902E8400D18C0B /* HomeView.swift in Sources */,
				080535AB2C903F8F00D18C0B /* CategoryItemView.swift in Sources */,
				080535A92C903E7500D18C0B /* Furniture.swift in Sources */,
				080535952C902E1C00D18C0B /* Fonts.swift in Sources */,
				080535832C902C5D00D18C0B /* FurnitureCoApp.swift in Sources */,
			);
			runOnlyForDeploymentPostprocessing = 0;
		};
/* End PBXSourcesBuildPhase section */

/* Begin XCBuildConfiguration section */
		0805358B2C902C5F00D18C0B /* Debug */ = {
			isa = XCBuildConfiguration;
			buildSettings = {
				ALWAYS_SEARCH_USER_PATHS = NO;
				ASSETCATALOG_COMPILER_GENERATE_SWIFT_ASSET_SYMBOL_EXTENSIONS = YES;
				CLANG_ANALYZER_NONNULL = YES;
				CLANG_ANALYZER_NUMBER_OBJECT_CONVERSION = YES_AGGRESSIVE;
				CLANG_CXX_LANGUAGE_STANDARD = "gnu++20";
				CLANG_ENABLE_MODULES = YES;
				CLANG_ENABLE_OBJC_ARC = YES;
				CLANG_ENABLE_OBJC_WEAK = YES;
				CLANG_WARN_BLOCK_CAPTURE_AUTORELEASING = YES;
				CLANG_WARN_BOOL_CONVERSION = YES;
				CLANG_WARN_COMMA = YES;
				CLANG_WARN_CONSTANT_CONVERSION = YES;
				CLANG_WARN_DEPRECATED_OBJC_IMPLEMENTATIONS = YES;
				CLANG_WARN_DIRECT_OBJC_ISA_USAGE = YES_ERROR;
				CLANG_WARN_DOCUMENTATION_COMMENTS = YES;
				CLANG_WARN_EMPTY_BODY = YES;
				CLANG_WARN_ENUM_CONVERSION = YES;
				CLANG_WARN_INFINITE_RECURSION = YES;
				CLANG_WARN_INT_CONVERSION = YES;
				CLANG_WARN_NON_LITERAL_NULL_CONVERSION = YES;
				CLANG_WARN_OBJC_IMPLICIT_RETAIN_SELF = YES;
				CLANG_WARN_OBJC_LITERAL_CONVERSION = YES;
				CLANG_WARN_OBJC_ROOT_CLASS = YES_ERROR;
				CLANG_WARN_QUOTED_INCLUDE_IN_FRAMEWORK_HEADER = YES;
				CLANG_WARN_RANGE_LOOP_ANALYSIS = YES;
				CLANG_WARN_STRICT_PROTOTYPES = YES;
				CLANG_WARN_SUSPICIOUS_MOVE = YES;
				CLANG_WARN_UNGUARDED_AVAILABILITY = YES_AGGRESSIVE;
				CLANG_WARN_UNREACHABLE_CODE = YES;
				CLANG_WARN__DUPLICATE_METHOD_MATCH = YES;
				COPY_PHASE_STRIP = NO;
				DEBUG_INFORMATION_FORMAT = dwarf;
				ENABLE_STRICT_OBJC_MSGSEND = YES;
				ENABLE_TESTABILITY = YES;
				ENABLE_USER_SCRIPT_SANDBOXING = YES;
				GCC_C_LANGUAGE_STANDARD = gnu17;
				GCC_DYNAMIC_NO_PIC = NO;
				GCC_NO_COMMON_BLOCKS = YES;
				GCC_OPTIMIZATION_LEVEL = 0;
				GCC_PREPROCESSOR_DEFINITIONS = (
					"DEBUG=1",
					"$(inherited)",
				);
				GCC_WARN_64_TO_32_BIT_CONVERSION = YES;
				GCC_WARN_ABOUT_RETURN_TYPE = YES_ERROR;
				GCC_WARN_UNDECLARED_SELECTOR = YES;
				GCC_WARN_UNINITIALIZED_AUTOS = YES_AGGRESSIVE;
				GCC_WARN_UNUSED_FUNCTION = YES;
				GCC_WARN_UNUSED_VARIABLE = YES;
				IPHONEOS_DEPLOYMENT_TARGET = 17.5;
				LOCALIZATION_PREFERS_STRING_CATALOGS = YES;
				MTL_ENABLE_DEBUG_INFO = INCLUDE_SOURCE;
				MTL_FAST_MATH = YES;
				ONLY_ACTIVE_ARCH = YES;
				SDKROOT = iphoneos;
				SWIFT_ACTIVE_COMPILATION_CONDITIONS = "DEBUG $(inherited)";
				SWIFT_OPTIMIZATION_LEVEL = "-Onone";
			};
			name = Debug;
		};
		0805358C2C902C5F00D18C0B /* Release */ = {
			isa = XCBuildConfiguration;
			buildSettings = {
				ALWAYS_SEARCH_USER_PATHS = NO;
				ASSETCATALOG_COMPILER_GENERATE_SWIFT_ASSET_SYMBOL_EXTENSIONS = YES;
				CLANG_ANALYZER_NONNULL = YES;
				CLANG_ANALYZER_NUMBER_OBJECT_CONVERSION = YES_AGGRESSIVE;
				CLANG_CXX_LANGUAGE_STANDARD = "gnu++20";
				CLANG_ENABLE_MODULES = YES;
				CLANG_ENABLE_OBJC_ARC = YES;
				CLANG_ENABLE_OBJC_WEAK = YES;
				CLANG_WARN_BLOCK_CAPTURE_AUTORELEASING = YES;
				CLANG_WARN_BOOL_CONVERSION = YES;
				CLANG_WARN_COMMA = YES;
				CLANG_WARN_CONSTANT_CONVERSION = YES;
				CLANG_WARN_DEPRECATED_OBJC_IMPLEMENTATIONS = YES;
				CLANG_WARN_DIRECT_OBJC_ISA_USAGE = YES_ERROR;
				CLANG_WARN_DOCUMENTATION_COMMENTS = YES;
				CLANG_WARN_EMPTY_BODY = YES;
				CLANG_WARN_ENUM_CONVERSION = YES;
				CLANG_WARN_INFINITE_RECURSION = YES;
				CLANG_WARN_INT_CONVERSION = YES;
				CLANG_WARN_NON_LITERAL_NULL_CONVERSION = YES;
				CLANG_WARN_OBJC_IMPLICIT_RETAIN_SELF = YES;
				CLANG_WARN_OBJC_LITERAL_CONVERSION = YES;
				CLANG_WARN_OBJC_ROOT_CLASS = YES_ERROR;
				CLANG_WARN_QUOTED_INCLUDE_IN_FRAMEWORK_HEADER = YES;
				CLANG_WARN_RANGE_LOOP_ANALYSIS = YES;
				CLANG_WARN_STRICT_PROTOTYPES = YES;
				CLANG_WARN_SUSPICIOUS_MOVE = YES;
				CLANG_WARN_UNGUARDED_AVAILABILITY = YES_AGGRESSIVE;
				CLANG_WARN_UNREACHABLE_CODE = YES;
				CLANG_WARN__DUPLICATE_METHOD_MATCH = YES;
				COPY_PHASE_STRIP = NO;
				DEBUG_INFORMATION_FORMAT = "dwarf-with-dsym";
				ENABLE_NS_ASSERTIONS = NO;
				ENABLE_STRICT_OBJC_MSGSEND = YES;
				ENABLE_USER_SCRIPT_SANDBOXING = YES;
				GCC_C_LANGUAGE_STANDARD = gnu17;
				GCC_NO_COMMON_BLOCKS = YES;
				GCC_WARN_64_TO_32_BIT_CONVERSION = YES;
				GCC_WARN_ABOUT_RETURN_TYPE = YES_ERROR;
				GCC_WARN_UNDECLARED_SELECTOR = YES;
				GCC_WARN_UNINITIALIZED_AUTOS = YES_AGGRESSIVE;
				GCC_WARN_UNUSED_FUNCTION = YES;
				GCC_WARN_UNUSED_VARIABLE = YES;
				IPHONEOS_DEPLOYMENT_TARGET = 17.5;
				LOCALIZATION_PREFERS_STRING_CATALOGS = YES;
				MTL_ENABLE_DEBUG_INFO = NO;
				MTL_FAST_MATH = YES;
				SDKROOT = iphoneos;
				SWIFT_COMPILATION_MODE = wholemodule;
				VALIDATE_PRODUCT = YES;
			};
			name = Release;
		};
		0805358E2C902C5F00D18C0B /* Debug */ = {
			isa = XCBuildConfiguration;
			buildSettings = {
				ASSETCATALOG_COMPILER_APPICON_NAME = AppIcon;
				ASSETCATALOG_COMPILER_GLOBAL_ACCENT_COLOR_NAME = AccentColor;
				CODE_SIGN_STYLE = Automatic;
				CURRENT_PROJECT_VERSION = 1;
				DEVELOPMENT_ASSET_PATHS = "\"FurnitureCo/Preview Content\"";
				DEVELOPMENT_TEAM = MH6R63YCRU;
				ENABLE_PREVIEWS = YES;
				GENERATE_INFOPLIST_FILE = YES;
				INFOPLIST_FILE = FurnitureCo/Info.plist;
				INFOPLIST_KEY_UIApplicationSceneManifest_Generation = YES;
				INFOPLIST_KEY_UIApplicationSupportsIndirectInputEvents = YES;
				INFOPLIST_KEY_UILaunchScreen_Generation = YES;
				INFOPLIST_KEY_UISupportedInterfaceOrientations_iPad = "UIInterfaceOrientationPortrait UIInterfaceOrientationPortraitUpsideDown UIInterfaceOrientationLandscapeLeft UIInterfaceOrientationLandscapeRight";
				INFOPLIST_KEY_UISupportedInterfaceOrientations_iPhone = "UIInterfaceOrientationPortrait UIInterfaceOrientationLandscapeLeft UIInterfaceOrientationLandscapeRight";
				LD_RUNPATH_SEARCH_PATHS = (
					"$(inherited)",
					"@executable_path/Frameworks",
				);
				MARKETING_VERSION = 1.0;
				PRODUCT_BUNDLE_IDENTIFIER = com.nadeem.FurnitureCo;
				PRODUCT_NAME = "$(TARGET_NAME)";
				SWIFT_EMIT_LOC_STRINGS = YES;
				SWIFT_VERSION = 5.0;
				TARGETED_DEVICE_FAMILY = "1,2";
			};
			name = Debug;
		};
		0805358F2C902C5F00D18C0B /* Release */ = {
			isa = XCBuildConfiguration;
			buildSettings = {
				ASSETCATALOG_COMPILER_APPICON_NAME = AppIcon;
				ASSETCATALOG_COMPILER_GLOBAL_ACCENT_COLOR_NAME = AccentColor;
				CODE_SIGN_STYLE = Automatic;
				CURRENT_PROJECT_VERSION = 1;
				DEVELOPMENT_ASSET_PATHS = "\"FurnitureCo/Preview Content\"";
				DEVELOPMENT_TEAM = MH6R63YCRU;
				ENABLE_PREVIEWS = YES;
				GENERATE_INFOPLIST_FILE = YES;
				INFOPLIST_FILE = FurnitureCo/Info.plist;
				INFOPLIST_KEY_UIApplicationSceneManifest_Generation = YES;
				INFOPLIST_KEY_UIApplicationSupportsIndirectInputEvents = YES;
				INFOPLIST_KEY_UILaunchScreen_Generation = YES;
				INFOPLIST_KEY_UISupportedInterfaceOrientations_iPad = "UIInterfaceOrientationPortrait UIInterfaceOrientationPortraitUpsideDown UIInterfaceOrientationLandscapeLeft UIInterfaceOrientationLandscapeRight";
				INFOPLIST_KEY_UISupportedInterfaceOrientations_iPhone = "UIInterfaceOrientationPortrait UIInterfaceOrientationLandscapeLeft UIInterfaceOrientationLandscapeRight";
				LD_RUNPATH_SEARCH_PATHS = (
					"$(inherited)",
					"@executable_path/Frameworks",
				);
				MARKETING_VERSION = 1.0;
				PRODUCT_BUNDLE_IDENTIFIER = com.nadeem.FurnitureCo;
				PRODUCT_NAME = "$(TARGET_NAME)";
				SWIFT_EMIT_LOC_STRINGS = YES;
				SWIFT_VERSION = 5.0;
				TARGETED_DEVICE_FAMILY = "1,2";
			};
			name = Release;
		};
/* End XCBuildConfiguration section */

/* Begin XCConfigurationList section */
		0805357A2C902C5D00D18C0B /* Build configuration list for PBXProject "FurnitureCo" */ = {
			isa = XCConfigurationList;
			buildConfigurations = (
				0805358B2C902C5F00D18C0B /* Debug */,
				0805358C2C902C5F00D18C0B /* Release */,
			);
			defaultConfigurationIsVisible = 0;
			defaultConfigurationName = Release;
		};
		0805358D2C902C5F00D18C0B /* Build configuration list for PBXNativeTarget "FurnitureCo" */ = {
			isa = XCConfigurationList;
			buildConfigurations = (
				0805358E2C902C5F00D18C0B /* Debug */,
				0805358F2C902C5F00D18C0B /* Release */,
			);
			defaultConfigurationIsVisible = 0;
			defaultConfigurationName = Release;
		};
/* End XCConfigurationList section */
	};
	rootObject = 080535772C902C5D00D18C0B /* Project object */;
}
